
Microsoft Visual Studio Solution File, Format Version 12.00
Project("{FAE04EC0-301F-11D3-BF4B-00C04F79EFBC}") = "Lab3", "Lab3\Lab3.csproj", "{980FE12E-A7E3-41BA-B3B7-3C6C342AEB6B}"
EndProject
Global
	GlobalSection(SolutionConfigurationPlatforms) = preSolution
		Debug|Any CPU = Debug|Any CPU
		Release|Any CPU = Release|Any CPU
	EndGlobalSection
	GlobalSection(ProjectConfigurationPlatforms) = postSolution
		{980FE12E-A7E3-41BA-B3B7-3C6C342AEB6B}.Debug|Any CPU.ActiveCfg = Debug|Any CPU
		{980FE12E-A7E3-41BA-B3B7-3C6C342AEB6B}.Debug|Any CPU.Build.0 = Debug|Any CPU
		{980FE12E-A7E3-41BA-B3B7-3C6C342AEB6B}.Release|Any CPU.ActiveCfg = Release|Any CPU
		{980FE12E-A7E3-41BA-B3B7-3C6C342AEB6B}.Release|Any CPU.Build.0 = Release|Any CPU
	EndGlobalSection
EndGlobal
